
Microsoft Visual Studio Solution File, Format Version 12.00
# Visual Studio 15
VisualStudioVersion = 15.0.28307.757
MinimumVisualStudioVersion = 10.0.40219.1
Project("{9A19103F-16F7-4668-BE54-9A1E7A4F7556}") = "ServerSide", "ServerSide\ServerSide.csproj", "{40EA2205-9B44-4D98-8C8D-6B3EE3DB2526}"
EndProject
Project("{9A19103F-16F7-4668-BE54-9A1E7A4F7556}") = "ClientSide", "ClientSideCode\ClientSide.csproj", "{99999074-F468-4B27-AE13-2E6EC6E8AFB2}"
EndProject
Project("{FAE04EC0-301F-11D3-BF4B-00C04F79EFBC}") = "UdpAsync", "UdpAsync\UdpAsync.csproj", "{274F1FBF-5015-49DC-A788-F1D3A640DB05}"
EndProject
Project("{FAE04EC0-301F-11D3-BF4B-00C04F79EFBC}") = "UdpAsyncClient", "UdpAsyncClient\UdpAsyncClient.csproj", "{62ACD76C-00EC-4AAD-B99E-512DDAD2AA46}"
EndProject
Global
	GlobalSection(SolutionConfigurationPlatforms) = preSolution
		Debug|Any CPU = Debug|Any CPU
		Release|Any CPU = Release|Any CPU
	EndGlobalSection
	GlobalSection(ProjectConfigurationPlatforms) = postSolution
		{40EA2205-9B44-4D98-8C8D-6B3EE3DB2526}.Debug|Any CPU.ActiveCfg = Debug|Any CPU
		{40EA2205-9B44-4D98-8C8D-6B3EE3DB2526}.Debug|Any CPU.Build.0 = Debug|Any CPU
		{40EA2205-9B44-4D98-8C8D-6B3EE3DB2526}.Release|Any CPU.ActiveCfg = Release|Any CPU
		{40EA2205-9B44-4D98-8C8D-6B3EE3DB2526}.Release|Any CPU.Build.0 = Release|Any CPU
		{99999074-F468-4B27-AE13-2E6EC6E8AFB2}.Debug|Any CPU.ActiveCfg = Debug|Any CPU
		{99999074-F468-4B27-AE13-2E6EC6E8AFB2}.Debug|Any CPU.Build.0 = Debug|Any CPU
		{99999074-F468-4B27-AE13-2E6EC6E8AFB2}.Release|Any CPU.ActiveCfg = Release|Any CPU
		{99999074-F468-4B27-AE13-2E6EC6E8AFB2}.Release|Any CPU.Build.0 = Release|Any CPU
		{274F1FBF-5015-49DC-A788-F1D3A640DB05}.Debug|Any CPU.ActiveCfg = Debug|Any CPU
		{274F1FBF-5015-49DC-A788-F1D3A640DB05}.Debug|Any CPU.Build.0 = Debug|Any CPU
		{274F1FBF-5015-49DC-A788-F1D3A640DB05}.Release|Any CPU.ActiveCfg = Release|Any CPU
		{274F1FBF-5015-49DC-A788-F1D3A640DB05}.Release|Any CPU.Build.0 = Release|Any CPU
		{62ACD76C-00EC-4AAD-B99E-512DDAD2AA46}.Debug|Any CPU.ActiveCfg = Debug|Any CPU
		{62ACD76C-00EC-4AAD-B99E-512DDAD2AA46}.Debug|Any CPU.Build.0 = Debug|Any CPU
		{62ACD76C-00EC-4AAD-B99E-512DDAD2AA46}.Release|Any CPU.ActiveCfg = Release|Any CPU
		{62ACD76C-00EC-4AAD-B99E-512DDAD2AA46}.Release|Any CPU.Build.0 = Release|Any CPU
	EndGlobalSection
	GlobalSection(SolutionProperties) = preSolution
		HideSolutionNode = FALSE
	EndGlobalSection
	GlobalSection(ExtensibilityGlobals) = postSolution
		SolutionGuid = {0334BA9B-54C1-481D-9E37-514EC9F161DB}
	EndGlobalSection
EndGlobal
